
Microsoft Visual Studio Solution File, Format Version 12.00
# Visual Studio Version 16
VisualStudioVersion = 16.0.29009.5
MinimumVisualStudioVersion = 10.0.40219.1
Project("{FAE04EC0-301F-11D3-BF4B-00C04F79EFBC}") = "MVCBasic.BusinessLayer", "MVCBasic.BusinessLayer\MVCBasic.BusinessLayer.csproj", "{93BC4734-656A-4712-A9C5-DFB9140B4A9F}"
	ProjectSection(ProjectDependencies) = postProject
		{B2CA5E88-8CFF-414A-B901-A1E0EAC16808} = {B2CA5E88-8CFF-414A-B901-A1E0EAC16808}
		{4AF4B7FB-1158-4F77-AE0C-2D6100332340} = {4AF4B7FB-1158-4F77-AE0C-2D6100332340}
	EndProjectSection
EndProject
Project("{FAE04EC0-301F-11D3-BF4B-00C04F79EFBC}") = "MVCBasic.WebApp", "MVCBasic.WebApp\MVCBasic.WebApp.csproj", "{B5F19812-4041-453F-B86E-6795E3430FD7}"
	ProjectSection(ProjectDependencies) = postProject
		{93BC4734-656A-4712-A9C5-DFB9140B4A9F} = {93BC4734-656A-4712-A9C5-DFB9140B4A9F}
		{B2CA5E88-8CFF-414A-B901-A1E0EAC16808} = {B2CA5E88-8CFF-414A-B901-A1E0EAC16808}
		{4AF4B7FB-1158-4F77-AE0C-2D6100332340} = {4AF4B7FB-1158-4F77-AE0C-2D6100332340}
	EndProjectSection
EndProject
Project("{FAE04EC0-301F-11D3-BF4B-00C04F79EFBC}") = "MVCBasic.DataAccessLayer", "MVCBasic.DataAccessLayer\MVCBasic.DataAccessLayer.csproj", "{B2CA5E88-8CFF-414A-B901-A1E0EAC16808}"
	ProjectSection(ProjectDependencies) = postProject
		{4AF4B7FB-1158-4F77-AE0C-2D6100332340} = {4AF4B7FB-1158-4F77-AE0C-2D6100332340}
	EndProjectSection
EndProject
Project("{FAE04EC0-301F-11D3-BF4B-00C04F79EFBC}") = "MVCBasic.Model", "MVCBasic.Model\MVCBasic.Model.csproj", "{4AF4B7FB-1158-4F77-AE0C-2D6100332340}"
EndProject
Global
	GlobalSection(SolutionConfigurationPlatforms) = preSolution
		Debug|Any CPU = Debug|Any CPU
		Release|Any CPU = Release|Any CPU
	EndGlobalSection
	GlobalSection(ProjectConfigurationPlatforms) = postSolution
		{93BC4734-656A-4712-A9C5-DFB9140B4A9F}.Debug|Any CPU.ActiveCfg = Debug|Any CPU
		{93BC4734-656A-4712-A9C5-DFB9140B4A9F}.Debug|Any CPU.Build.0 = Debug|Any CPU
		{93BC4734-656A-4712-A9C5-DFB9140B4A9F}.Release|Any CPU.ActiveCfg = Release|Any CPU
		{93BC4734-656A-4712-A9C5-DFB9140B4A9F}.Release|Any CPU.Build.0 = Release|Any CPU
		{B5F19812-4041-453F-B86E-6795E3430FD7}.Debug|Any CPU.ActiveCfg = Debug|Any CPU
		{B5F19812-4041-453F-B86E-6795E3430FD7}.Debug|Any CPU.Build.0 = Debug|Any CPU
		{B5F19812-4041-453F-B86E-6795E3430FD7}.Release|Any CPU.ActiveCfg = Release|Any CPU
		{B5F19812-4041-453F-B86E-6795E3430FD7}.Release|Any CPU.Build.0 = Release|Any CPU
		{B2CA5E88-8CFF-414A-B901-A1E0EAC16808}.Debug|Any CPU.ActiveCfg = Debug|Any CPU
		{B2CA5E88-8CFF-414A-B901-A1E0EAC16808}.Debug|Any CPU.Build.0 = Debug|Any CPU
		{B2CA5E88-8CFF-414A-B901-A1E0EAC16808}.Release|Any CPU.ActiveCfg = Release|Any CPU
		{B2CA5E88-8CFF-414A-B901-A1E0EAC16808}.Release|Any CPU.Build.0 = Release|Any CPU
		{4AF4B7FB-1158-4F77-AE0C-2D6100332340}.Debug|Any CPU.ActiveCfg = Debug|Any CPU
		{4AF4B7FB-1158-4F77-AE0C-2D6100332340}.Debug|Any CPU.Build.0 = Debug|Any CPU
		{4AF4B7FB-1158-4F77-AE0C-2D6100332340}.Release|Any CPU.ActiveCfg = Release|Any CPU
		{4AF4B7FB-1158-4F77-AE0C-2D6100332340}.Release|Any CPU.Build.0 = Release|Any CPU
	EndGlobalSection
	GlobalSection(SolutionProperties) = preSolution
		HideSolutionNode = FALSE
	EndGlobalSection
	GlobalSection(ExtensibilityGlobals) = postSolution
		SolutionGuid = {94B8CA5A-2906-4C3A-8E92-2A215A3F5ED9}
	EndGlobalSection
EndGlobal
